# This file is automatically @generated by Cargo.
# It is not intended for manual editing.
version = 3

[[package]]
name = "lazy_static"
version = "1.4.0"
source = "registry+https://github.com/rust-lang/crates.io-index"
checksum = "e2abad23fbc42b3700f2f279844dc832adb2b2eb069b2df918f455c4e18cc646"

[[package]]
name = "windows"
version = "0.25.0"
source = "registry+https://github.com/rust-lang/crates.io-index"
checksum = "e46c474738425c090573ecf5472d54ee5f78132e6195d0bbfcc2aabc0ed29f37"
dependencies = [
 "windows_aarch64_msvc",
 "windows_i686_gnu",
 "windows_i686_msvc",
 "windows_x86_64_gnu",
 "windows_x86_64_msvc",
]

[[package]]
name = "windows_aarch64_msvc"
version = "0.25.0"
source = "registry+https://github.com/rust-lang/crates.io-index"
checksum = "3022d174000fcaeb6f95933fb04171ea0e21b9289ac57fe4400bfa148e41df79"

[[package]]
name = "windows_i686_gnu"
version = "0.25.0"
source = "registry+https://github.com/rust-lang/crates.io-index"
checksum = "03b1584eebf06654708eab4301152032c13c1e47f4a754ffc93c733f10993e85"

[[package]]
name = "windows_i686_msvc"
version = "0.25.0"
source = "registry+https://github.com/rust-lang/crates.io-index"
checksum = "f49df16591e9ad429997ec57d462b0cc45168f639d03489e8c2e933ea9c389d7"

[[package]]
name = "windows_sleep"
version = "0.1.0"
dependencies = [
 "lazy_static",
 "windows",
]

[[package]]
name = "windows_x86_64_gnu"
version = "0.25.0"
source = "registry+https://github.com/rust-lang/crates.io-index"
checksum = "2cb06177184100374f97d5e7261ee0b6adefa8ee32e38f87518ca22b519bb80e"

[[package]]
name = "windows_x86_64_msvc"
version = "0.25.0"
source = "registry+https://github.com/rust-lang/crates.io-index"
checksum = "c3c27bcbb33ddbed3569e36c14775c99f72b97c72ce49f81d128637fb48a061f"
